
Microsoft Visual Studio Solution File, Format Version 12.00
# Visual Studio 15
VisualStudioVersion = 15.0.28307.438
MinimumVisualStudioVersion = 10.0.40219.1
Project("{FAE04EC0-301F-11D3-BF4B-00C04F79EFBC}") = "GateWay.BL", "GateWay.BL\GateWay.BL.csproj", "{2C39A7C7-10DF-4CAD-9B3F-485A87EC446A}"
EndProject
Project("{FAE04EC0-301F-11D3-BF4B-00C04F79EFBC}") = "Common", "Common\Common.csproj", "{AB32A37E-A540-4937-BC56-68684768F85F}"
EndProject
Project("{FAE04EC0-301F-11D3-BF4B-00C04F79EFBC}") = "Entities", "Entities\Entities.csproj", "{51A5E81F-1589-42A3-88B2-08955700F6B4}"
EndProject
Project("{FAE04EC0-301F-11D3-BF4B-00C04F79EFBC}") = "GateWay", "GateWay\GateWay.csproj", "{DA822C7F-6CF5-4C83-950F-DB038C95A350}"
EndProject
Project("{FAE04EC0-301F-11D3-BF4B-00C04F79EFBC}") = "Services", "Services\Services.csproj", "{DB3C0104-F9E4-430F-B143-18AB1B13F1CC}"
EndProject
Global
	GlobalSection(SolutionConfigurationPlatforms) = preSolution
		Debug|Any CPU = Debug|Any CPU
		Release|Any CPU = Release|Any CPU
	EndGlobalSection
	GlobalSection(ProjectConfigurationPlatforms) = postSolution
		{2C39A7C7-10DF-4CAD-9B3F-485A87EC446A}.Debug|Any CPU.ActiveCfg = Debug|Any CPU
		{2C39A7C7-10DF-4CAD-9B3F-485A87EC446A}.Debug|Any CPU.Build.0 = Debug|Any CPU
		{2C39A7C7-10DF-4CAD-9B3F-485A87EC446A}.Release|Any CPU.ActiveCfg = Release|Any CPU
		{2C39A7C7-10DF-4CAD-9B3F-485A87EC446A}.Release|Any CPU.Build.0 = Release|Any CPU
		{AB32A37E-A540-4937-BC56-68684768F85F}.Debug|Any CPU.ActiveCfg = Debug|Any CPU
		{AB32A37E-A540-4937-BC56-68684768F85F}.Debug|Any CPU.Build.0 = Debug|Any CPU
		{AB32A37E-A540-4937-BC56-68684768F85F}.Release|Any CPU.ActiveCfg = Release|Any CPU
		{AB32A37E-A540-4937-BC56-68684768F85F}.Release|Any CPU.Build.0 = Release|Any CPU
		{51A5E81F-1589-42A3-88B2-08955700F6B4}.Debug|Any CPU.ActiveCfg = Debug|Any CPU
		{51A5E81F-1589-42A3-88B2-08955700F6B4}.Debug|Any CPU.Build.0 = Debug|Any CPU
		{51A5E81F-1589-42A3-88B2-08955700F6B4}.Release|Any CPU.ActiveCfg = Release|Any CPU
		{51A5E81F-1589-42A3-88B2-08955700F6B4}.Release|Any CPU.Build.0 = Release|Any CPU
		{DA822C7F-6CF5-4C83-950F-DB038C95A350}.Debug|Any CPU.ActiveCfg = Debug|Any CPU
		{DA822C7F-6CF5-4C83-950F-DB038C95A350}.Debug|Any CPU.Build.0 = Debug|Any CPU
		{DA822C7F-6CF5-4C83-950F-DB038C95A350}.Release|Any CPU.ActiveCfg = Release|Any CPU
		{DA822C7F-6CF5-4C83-950F-DB038C95A350}.Release|Any CPU.Build.0 = Release|Any CPU
		{DB3C0104-F9E4-430F-B143-18AB1B13F1CC}.Debug|Any CPU.ActiveCfg = Debug|Any CPU
		{DB3C0104-F9E4-430F-B143-18AB1B13F1CC}.Debug|Any CPU.Build.0 = Debug|Any CPU
		{DB3C0104-F9E4-430F-B143-18AB1B13F1CC}.Release|Any CPU.ActiveCfg = Release|Any CPU
		{DB3C0104-F9E4-430F-B143-18AB1B13F1CC}.Release|Any CPU.Build.0 = Release|Any CPU
	EndGlobalSection
	GlobalSection(SolutionProperties) = preSolution
		HideSolutionNode = FALSE
	EndGlobalSection
	GlobalSection(ExtensibilityGlobals) = postSolution
		SolutionGuid = {96A26C90-C65E-4A89-90F2-535A14A9714A}
	EndGlobalSection
EndGlobal
